
Microsoft Visual Studio Solution File, Format Version 12.00
# Visual Studio Version 17
VisualStudioVersion = 17.4.33205.214
MinimumVisualStudioVersion = 10.0.40219.1
Project("{FAE04EC0-301F-11D3-BF4B-00C04F79EFBC}") = "Francimp2", "Francimp2\Francimp2.csproj", "{CDDF43AA-3DFE-4CF2-8AC6-522DC82CDF3B}"
EndProject
Global
	GlobalSection(SolutionConfigurationPlatforms) = preSolution
		Debug|Any CPU = Debug|Any CPU
		Release|Any CPU = Release|Any CPU
	EndGlobalSection
	GlobalSection(ProjectConfigurationPlatforms) = postSolution
		{CDDF43AA-3DFE-4CF2-8AC6-522DC82CDF3B}.Debug|Any CPU.ActiveCfg = Debug|Any CPU
		{CDDF43AA-3DFE-4CF2-8AC6-522DC82CDF3B}.Debug|Any CPU.Build.0 = Debug|Any CPU
		{CDDF43AA-3DFE-4CF2-8AC6-522DC82CDF3B}.Release|Any CPU.ActiveCfg = Release|Any CPU
		{CDDF43AA-3DFE-4CF2-8AC6-522DC82CDF3B}.Release|Any CPU.Build.0 = Release|Any CPU
	EndGlobalSection
	GlobalSection(SolutionProperties) = preSolution
		HideSolutionNode = FALSE
	EndGlobalSection
	GlobalSection(ExtensibilityGlobals) = postSolution
		SolutionGuid = {4AE5BD04-8713-4820-B29C-7DEAF6778A44}
	EndGlobalSection
EndGlobal
